{
  "version": 4,
  "terraform_version": "1.4.6",
  "serial": 12,
  "lineage": "48987339-c8a5-9f08-0dc5-5018dc14c069",
  "outputs": {},
  "resources": [
    {
      "mode": "managed",
      "type": "aws_vpc",
      "name": "vpc-us-east-1",
      "provider": "provider[\"registry.terraform.io/hashicorp/aws\"]",
      "instances": [
        {
          "schema_version": 1,
          "attributes": {
            "arn": "arn:aws:ec2:us-east-1:062611818846:vpc/vpc-0895a27ad1f9fe869",
            "assign_generated_ipv6_cidr_block": false,
            "cidr_block": "10.1.0.0/16",
            "default_network_acl_id": "acl-0bd25b78b68fdc557",
            "default_route_table_id": "rtb-0e23ff9f85f6d3c4b",
            "default_security_group_id": "sg-0f9f28569de31ea40",
            "dhcp_options_id": "dopt-06620d2642ec9cf46",
            "enable_classiclink": false,
            "enable_classiclink_dns_support": false,
            "enable_dns_hostnames": false,
            "enable_dns_support": true,
            "enable_network_address_usage_metrics": false,
            "id": "vpc-0895a27ad1f9fe869",
            "instance_tenancy": "default",
            "ipv4_ipam_pool_id": null,
            "ipv4_netmask_length": null,
            "ipv6_association_id": "",
            "ipv6_cidr_block": "",
            "ipv6_cidr_block_network_border_group": "",
            "ipv6_ipam_pool_id": "",
            "ipv6_netmask_length": 0,
            "main_route_table_id": "rtb-0e23ff9f85f6d3c4b",
            "owner_id": "062611818846",
            "tags": {
              "Name": "vpc-us-east-1"
            },
            "tags_all": {
              "Name": "vpc-us-east-1"
            }
          },
          "sensitive_attributes": [],
          "private": "eyJzY2hlbWFfdmVyc2lvbiI6IjEifQ=="
        }
      ]
    },
    {
      "mode": "managed",
      "type": "aws_vpc",
      "name": "vpc-us-west-1",
      "provider": "provider[\"registry.terraform.io/hashicorp/aws\"].my-west",
      "instances": [
        {
          "schema_version": 1,
          "attributes": {
            "arn": "arn:aws:ec2:us-west-1:062611818846:vpc/vpc-0f68886b89e35c4c3",
            "assign_generated_ipv6_cidr_block": false,
            "cidr_block": "10.1.0.0/16",
            "default_network_acl_id": "acl-08b039c2fd38d5314",
            "default_route_table_id": "rtb-0118a402f6a68254f",
            "default_security_group_id": "sg-0515d0f8d452da6e0",
            "dhcp_options_id": "dopt-0522cf625ca57d780",
            "enable_classiclink": false,
            "enable_classiclink_dns_support": false,
            "enable_dns_hostnames": false,
            "enable_dns_support": true,
            "enable_network_address_usage_metrics": false,
            "id": "vpc-0f68886b89e35c4c3",
            "instance_tenancy": "default",
            "ipv4_ipam_pool_id": null,
            "ipv4_netmask_length": null,
            "ipv6_association_id": "",
            "ipv6_cidr_block": "",
            "ipv6_cidr_block_network_border_group": "",
            "ipv6_ipam_pool_id": "",
            "ipv6_netmask_length": 0,
            "main_route_table_id": "rtb-0118a402f6a68254f",
            "owner_id": "062611818846",
            "tags": {
              "Dev": "rightangle_apps",
              "Name": "vpc-us-west-1"
            },
            "tags_all": {
              "Dev": "rightangle_apps",
              "Name": "vpc-us-west-1"
            }
          },
          "sensitive_attributes": [],
          "private": "eyJzY2hlbWFfdmVyc2lvbiI6IjEifQ=="
        }
      ]
    }
  ],
  "check_results": null
}
